PODS:
  - AppAuth (1.3.0):
    - AppAuth/Core (= 1.3.0)
    - AppAuth/ExternalUserAgent (= 1.3.0)
  - AppAuth/Core (1.3.0)
  - AppAuth/ExternalUserAgent (1.3.0)
  - GoogleSignIn (5.0.2):
    - AppAuth (~> 1.2)
    - GTMAppAuth (~> 1.0)
    - GTMSessionFetcher/Core (~> 1.1)
  - GTMAppAuth (1.0.0):
    - AppAuth/Core (~> 1.0)
    - GTMSessionFetcher (~> 1.1)
  - GTMSessionFetcher (1.3.1):
    - GTMSessionFetcher/Full (= 1.3.1)
  - GTMSessionFetcher/Core (1.3.1)
  - GTMSessionFetcher/Full (1.3.1):
    - GTMSessionFetcher/Core (= 1.3.1)
  - lottie-ios (3.1.8)
  - NextLevel (0.16.3)
  - Pageboy (3.6.0)
  - Pastel (0.6.0)
  - RPCircularProgress (0.5.0)
  - SwiftKeychainWrapper (3.4.0)

DEPENDENCIES:
  - GoogleSignIn
  - lottie-ios
  - NextLevel (~> 0.16.3)
  - Pageboy (~> 3.6)
  - Pastel
  - RPCircularProgress (= 0.5.0)
  - SwiftKeychainWrapper

SPEC REPOS:
  trunk:
    - AppAuth
    - GoogleSignIn
    - GTMAppAuth
    - GTMSessionFetcher
    - lottie-ios
    - NextLevel
    - Pageboy
    - Pastel
    - RPCircularProgress
    - SwiftKeychainWrapper

SPEC CHECKSUMS:
  AppAuth: 73574f3013a1e65b9601a3ddc8b3158cce68c09d
  GoogleSignIn: 7137d297ddc022a7e0aa4619c86d72c909fa7213
  GTMAppAuth: 4deac854479704f348309e7b66189e604cf5e01e
  GTMSessionFetcher: cea130bbfe5a7edc8d06d3f0d17288c32ffe9925
  lottie-ios: 48fac6be217c76937e36e340e2d09cf7b10b7f5f
  NextLevel: 76dab336f758e6a98ef6b4917de1481324cffe04
  Pageboy: 490c26be405987158660bb45ee2f404567395007
  Pastel: 814f081efbe2859c37e65ee44f396e6e5be88619
  RPCircularProgress: 4499d4a1453dfbd3fe5bd8c6f344fd51cff3ad00
  SwiftKeychainWrapper: 6fc49fbf7d4a6b0772917acb0e53a1639f6078d6

PODFILE CHECKSUM: bca8ab7a49c4d374f03bcc17fd80c2a7f74cf588

COCOAPODS: 1.8.4
