// !$*UTF8*$!
{
	archiveVersion = 1;
	classes = {
	};
	objectVersion = 51;
	objects = {

/* Begin PBXBuildFile section */
		6B1FE28E247C8196008618E7 /* Color.swift in Sources */ = {isa = PBXBuildFile; fileRef = 6B1FE28D247C8196008618E7 /* Color.swift */; };
		6B1FE290247CE92A008618E7 /* ViewController.swift in Sources */ = {isa = PBXBuildFile; fileRef = 6B1FE28F247CE92A008618E7 /* ViewController.swift */; };
		6B3008CD2457771F00960071 /* UserCreation.storyboard in Resources */ = {isa = PBXBuildFile; fileRef = 6B3008CC2457771F00960071 /* UserCreation.storyboard */; };
		6B37A9C324632AA700E4038C /* RecordViewController.swift in Sources */ = {isa = PBXBuildFile; fileRef = 6B37A9C224632AA700E4038C /* RecordViewController.swift */; };
		6B37A9C7246490AF00E4038C /* VideoEditViewController.swift in Sources */ = {isa = PBXBuildFile; fileRef = 6B37A9C6246490AF00E4038C /* VideoEditViewController.swift */; };
		6B43145D2470636F0055482D /* Post.swift in Sources */ = {isa = PBXBuildFile; fileRef = 6B43145C2470636F0055482D /* Post.swift */; };
		6B5F538C245A9DB400A2610E /* UserCreationViewController.swift in Sources */ = {isa = PBXBuildFile; fileRef = 6B5F538B245A9DB400A2610E /* UserCreationViewController.swift */; };
		6B6D0C8F2461153900348955 /* ProfileViewController.swift in Sources */ = {isa = PBXBuildFile; fileRef = 6B6D0C8E2461153900348955 /* ProfileViewController.swift */; };
		6B84234D245A9AA40027EA1A /* UploadManager.swift in Sources */ = {isa = PBXBuildFile; fileRef = 6B84234C245A9AA40027EA1A /* UploadManager.swift */; };
		6B881A582450C59F001466CB /* AppDelegate.swift in Sources */ = {isa = PBXBuildFile; fileRef = 6B881A572450C59F001466CB /* AppDelegate.swift */; };
		6B881A5A2450C59F001466CB /* SceneDelegate.swift in Sources */ = {isa = PBXBuildFile; fileRef = 6B881A592450C59F001466CB /* SceneDelegate.swift */; };
		6B881A5C2450C59F001466CB /* LoginViewController.swift in Sources */ = {isa = PBXBuildFile; fileRef = 6B881A5B2450C59F001466CB /* LoginViewController.swift */; };
		6B881A5F2450C59F001466CB /* Main.storyboard in Resources */ = {isa = PBXBuildFile; fileRef = 6B881A5D2450C59F001466CB /* Main.storyboard */; };
		6B881A612450C5A0001466CB /* Assets.xcassets in Resources */ = {isa = PBXBuildFile; fileRef = 6B881A602450C5A0001466CB /* Assets.xcassets */; };
		6B881A642450C5A0001466CB /* LaunchScreen.storyboard in Resources */ = {isa = PBXBuildFile; fileRef = 6B881A622450C5A0001466CB /* LaunchScreen.storyboard */; };
		6B881A6E2450D5F8001466CB /* Pacifico-Regular.ttf in Resources */ = {isa = PBXBuildFile; fileRef = 6B881A6D2450D5F8001466CB /* Pacifico-Regular.ttf */; };
		6B8FBC112458ABE900C1CF26 /* ImagePicker.swift in Sources */ = {isa = PBXBuildFile; fileRef = 6B8FBC102458ABE900C1CF26 /* ImagePicker.swift */; };
		6B8FBC162458DABB00C1CF26 /* HomeViewController.swift in Sources */ = {isa = PBXBuildFile; fileRef = 6B8FBC152458DABB00C1CF26 /* HomeViewController.swift */; };
		6B99B4BB24777F2C009011EA /* WindmillMain.storyboard in Resources */ = {isa = PBXBuildFile; fileRef = 6B99B4BA24777F2C009011EA /* WindmillMain.storyboard */; };
		6B99B4BD24779600009011EA /* ChildViewController.swift in Sources */ = {isa = PBXBuildFile; fileRef = 6B99B4BC24779600009011EA /* ChildViewController.swift */; };
		6B99B4C9247C2F31009011EA /* PostManager.swift in Sources */ = {isa = PBXBuildFile; fileRef = 6B99B4C8247C2F31009011EA /* PostManager.swift */; };
		6B9D2D3E246C9EFB00C6E416 /* SearchViewController.swift in Sources */ = {isa = PBXBuildFile; fileRef = 6B9D2D3D246C9EFB00C6E416 /* SearchViewController.swift */; };
		6B9D2D41246CA07B00C6E416 /* SearchManager.swift in Sources */ = {isa = PBXBuildFile; fileRef = 6B9D2D40246CA07B00C6E416 /* SearchManager.swift */; };
		6B9D2D44246CA3E500C6E416 /* UserManager.swift in Sources */ = {isa = PBXBuildFile; fileRef = 6B9D2D43246CA3E500C6E416 /* UserManager.swift */; };
		6BAD80A8246DBD5900C6D046 /* StorageManager.swift in Sources */ = {isa = PBXBuildFile; fileRef = 6BAD80A7246DBD5900C6D046 /* StorageManager.swift */; };
		6BAD80AB246E09F500C6D046 /* FeedManager.swift in Sources */ = {isa = PBXBuildFile; fileRef = 6BAD80AA246E09F500C6D046 /* FeedManager.swift */; };
		6BB574F124526BFE0065B5CB /* Environment.swift in Sources */ = {isa = PBXBuildFile; fileRef = 6BB574F024526BFE0065B5CB /* Environment.swift */; };
		6BD91BD6247DB8D600F98C6B /* Notifications.swift in Sources */ = {isa = PBXBuildFile; fileRef = 6BD91BD5247DB8D600F98C6B /* Notifications.swift */; };
		6BFEA989245133E100181287 /* AuthManager.swift in Sources */ = {isa = PBXBuildFile; fileRef = 6BFEA988245133E100181287 /* AuthManager.swift */; };
		6E92B8DF20587AC080692066 /* libPods-windmill.a in Frameworks */ = {isa = PBXBuildFile; fileRef = 90153E9A0D22EF23CACCA668 /* libPods-windmill.a */; };
/* End PBXBuildFile section */

/* Begin PBXFileReference section */
		1BDB754FB4236FCA07693311 /* Pods-windmill.debug.xcconfig */ = {isa = PBXFileReference; includeInIndex = 1; lastKnownFileType = text.xcconfig; name = "Pods-windmill.debug.xcconfig"; path = "Target Support Files/Pods-windmill/Pods-windmill.debug.xcconfig"; sourceTree = "<group>"; };
		42A45FAACBC6B2C0CD04BBDB /* Pods-windmill.debug (production).xcconfig */ = {isa = PBXFileReference; includeInIndex = 1; lastKnownFileType = text.xcconfig; name = "Pods-windmill.debug (production).xcconfig"; path = "Target Support Files/Pods-windmill/Pods-windmill.debug (production).xcconfig"; sourceTree = "<group>"; };
		522504E802420F70C6D5FB8A /* Pods-windmill.debug (development).xcconfig */ = {isa = PBXFileReference; includeInIndex = 1; lastKnownFileType = text.xcconfig; name = "Pods-windmill.debug (development).xcconfig"; path = "Target Support Files/Pods-windmill/Pods-windmill.debug (development).xcconfig"; sourceTree = "<group>"; };
		6B1FE28D247C8196008618E7 /* Color.swift */ = {isa = PBXFileReference; lastKnownFileType = sourcecode.swift; path = Color.swift; sourceTree = "<group>"; };
		6B1FE28F247CE92A008618E7 /* ViewController.swift */ = {isa = PBXFileReference; lastKnownFileType = sourcecode.swift; path = ViewController.swift; sourceTree = "<group>"; };
		6B3008CC2457771F00960071 /* UserCreation.storyboard */ = {isa = PBXFileReference; lastKnownFileType = file.storyboard; path = UserCreation.storyboard; sourceTree = "<group>"; };
		6B37A9C224632AA700E4038C /* RecordViewController.swift */ = {isa = PBXFileReference; lastKnownFileType = sourcecode.swift; path = RecordViewController.swift; sourceTree = "<group>"; };
		6B37A9C6246490AF00E4038C /* VideoEditViewController.swift */ = {isa = PBXFileReference; lastKnownFileType = sourcecode.swift; path = VideoEditViewController.swift; sourceTree = "<group>"; };
		6B43145C2470636F0055482D /* Post.swift */ = {isa = PBXFileReference; lastKnownFileType = sourcecode.swift; path = Post.swift; sourceTree = "<group>"; };
		6B5F538B245A9DB400A2610E /* UserCreationViewController.swift */ = {isa = PBXFileReference; lastKnownFileType = sourcecode.swift; path = UserCreationViewController.swift; sourceTree = "<group>"; };
		6B6D0C8E2461153900348955 /* ProfileViewController.swift */ = {isa = PBXFileReference; lastKnownFileType = sourcecode.swift; path = ProfileViewController.swift; sourceTree = "<group>"; };
		6B84234C245A9AA40027EA1A /* UploadManager.swift */ = {isa = PBXFileReference; lastKnownFileType = sourcecode.swift; path = UploadManager.swift; sourceTree = "<group>"; };
		6B881A542450C59F001466CB /* windmill.app */ = {isa = PBXFileReference; explicitFileType = wrapper.application; includeInIndex = 0; path = windmill.app; sourceTree = BUILT_PRODUCTS_DIR; };
		6B881A572450C59F001466CB /* AppDelegate.swift */ = {isa = PBXFileReference; lastKnownFileType = sourcecode.swift; path = AppDelegate.swift; sourceTree = "<group>"; };
		6B881A592450C59F001466CB /* SceneDelegate.swift */ = {isa = PBXFileReference; lastKnownFileType = sourcecode.swift; path = SceneDelegate.swift; sourceTree = "<group>"; };
		6B881A5B2450C59F001466CB /* LoginViewController.swift */ = {isa = PBXFileReference; lastKnownFileType = sourcecode.swift; path = LoginViewController.swift; sourceTree = "<group>"; };
		6B881A5E2450C59F001466CB /* Base */ = {isa = PBXFileReference; lastKnownFileType = file.storyboard; name = Base; path = Base.lproj/Main.storyboard; sourceTree = "<group>"; };
		6B881A602450C5A0001466CB /* Assets.xcassets */ = {isa = PBXFileReference; lastKnownFileType = folder.assetcatalog; path = Assets.xcassets; sourceTree = "<group>"; };
		6B881A632450C5A0001466CB /* Base */ = {isa = PBXFileReference; lastKnownFileType = file.storyboard; name = Base; path = Base.lproj/LaunchScreen.storyboard; sourceTree = "<group>"; };
		6B881A652450C5A0001466CB /* Info.plist */ = {isa = PBXFileReference; lastKnownFileType = text.plist.xml; path = Info.plist; sourceTree = "<group>"; };
		6B881A6D2450D5F8001466CB /* Pacifico-Regular.ttf */ = {isa = PBXFileReference; lastKnownFileType = file; path = "Pacifico-Regular.ttf"; sourceTree = "<group>"; };
		6B8FBC102458ABE900C1CF26 /* ImagePicker.swift */ = {isa = PBXFileReference; lastKnownFileType = sourcecode.swift; path = ImagePicker.swift; sourceTree = "<group>"; };
		6B8FBC152458DABB00C1CF26 /* HomeViewController.swift */ = {isa = PBXFileReference; lastKnownFileType = sourcecode.swift; path = HomeViewController.swift; sourceTree = "<group>"; };
		6B99B4BA24777F2C009011EA /* WindmillMain.storyboard */ = {isa = PBXFileReference; fileEncoding = 4; lastKnownFileType = file.storyboard; path = WindmillMain.storyboard; sourceTree = "<group>"; };
		6B99B4BC24779600009011EA /* ChildViewController.swift */ = {isa = PBXFileReference; lastKnownFileType = sourcecode.swift; path = ChildViewController.swift; sourceTree = "<group>"; };
		6B99B4C8247C2F31009011EA /* PostManager.swift */ = {isa = PBXFileReference; lastKnownFileType = sourcecode.swift; path = PostManager.swift; sourceTree = "<group>"; };
		6B9D2D3D246C9EFB00C6E416 /* SearchViewController.swift */ = {isa = PBXFileReference; lastKnownFileType = sourcecode.swift; path = SearchViewController.swift; sourceTree = "<group>"; };
		6B9D2D40246CA07B00C6E416 /* SearchManager.swift */ = {isa = PBXFileReference; lastKnownFileType = sourcecode.swift; path = SearchManager.swift; sourceTree = "<group>"; };
		6B9D2D43246CA3E500C6E416 /* UserManager.swift */ = {isa = PBXFileReference; lastKnownFileType = sourcecode.swift; path = UserManager.swift; sourceTree = "<group>"; };
		6BAD80A7246DBD5900C6D046 /* StorageManager.swift */ = {isa = PBXFileReference; lastKnownFileType = sourcecode.swift; path = StorageManager.swift; sourceTree = "<group>"; };
		6BAD80AA246E09F500C6D046 /* FeedManager.swift */ = {isa = PBXFileReference; lastKnownFileType = sourcecode.swift; path = FeedManager.swift; sourceTree = "<group>"; };
		6BB54ACE24525FB700BD4418 /* Development.xcconfig */ = {isa = PBXFileReference; lastKnownFileType = text.xcconfig; path = Development.xcconfig; sourceTree = "<group>"; };
		6BB54AD92452632A00BD4418 /* Staging.xcconfig */ = {isa = PBXFileReference; lastKnownFileType = text.xcconfig; path = Staging.xcconfig; sourceTree = "<group>"; };
		6BB54ADA2452633A00BD4418 /* Production.xcconfig */ = {isa = PBXFileReference; lastKnownFileType = text.xcconfig; path = Production.xcconfig; sourceTree = "<group>"; };
		6BB574F024526BFE0065B5CB /* Environment.swift */ = {isa = PBXFileReference; lastKnownFileType = sourcecode.swift; path = Environment.swift; sourceTree = "<group>"; };
		6BD91BD5247DB8D600F98C6B /* Notifications.swift */ = {isa = PBXFileReference; lastKnownFileType = sourcecode.swift; path = Notifications.swift; sourceTree = "<group>"; };
		6BFEA988245133E100181287 /* AuthManager.swift */ = {isa = PBXFileReference; lastKnownFileType = sourcecode.swift; path = AuthManager.swift; sourceTree = "<group>"; };
		79D76D8B6AF06C8E36D80302 /* Pods-windmill.debug (staging).xcconfig */ = {isa = PBXFileReference; includeInIndex = 1; lastKnownFileType = text.xcconfig; name = "Pods-windmill.debug (staging).xcconfig"; path = "Target Support Files/Pods-windmill/Pods-windmill.debug (staging).xcconfig"; sourceTree = "<group>"; };
		8A33283209E1F975D641D025 /* Pods-windmill.release (production).xcconfig */ = {isa = PBXFileReference; includeInIndex = 1; lastKnownFileType = text.xcconfig; name = "Pods-windmill.release (production).xcconfig"; path = "Target Support Files/Pods-windmill/Pods-windmill.release (production).xcconfig"; sourceTree = "<group>"; };
		90153E9A0D22EF23CACCA668 /* libPods-windmill.a */ = {isa = PBXFileReference; explicitFileType = archive.ar; includeInIndex = 0; path = "libPods-windmill.a"; sourceTree = BUILT_PRODUCTS_DIR; };
		9FE6E7F7A9F848A549273FD1 /* Pods-windmill.release (development).xcconfig */ = {isa = PBXFileReference; includeInIndex = 1; lastKnownFileType = text.xcconfig; name = "Pods-windmill.release (development).xcconfig"; path = "Target Support Files/Pods-windmill/Pods-windmill.release (development).xcconfig"; sourceTree = "<group>"; };
		A1784A103F842668AE4FF3CF /* Pods-windmill.release.xcconfig */ = {isa = PBXFileReference; includeInIndex = 1; lastKnownFileType = text.xcconfig; name = "Pods-windmill.release.xcconfig"; path = "Target Support Files/Pods-windmill/Pods-windmill.release.xcconfig"; sourceTree = "<group>"; };
		C8CC1F2B4CB98E38FCF61B0C /* Pods-windmill.release (staging).xcconfig */ = {isa = PBXFileReference; includeInIndex = 1; lastKnownFileType = text.xcconfig; name = "Pods-windmill.release (staging).xcconfig"; path = "Target Support Files/Pods-windmill/Pods-windmill.release (staging).xcconfig"; sourceTree = "<group>"; };
/* End PBXFileReference section */

/* Begin PBXFrameworksBuildPhase section */
		6B881A512450C59F001466CB /* Frameworks */ = {
			isa = PBXFrameworksBuildPhase;
			buildActionMask = 2147483647;
			files = (
				6E92B8DF20587AC080692066 /* libPods-windmill.a in Frameworks */,
			);
			runOnlyForDeploymentPostprocessing = 0;
		};
/* End PBXFrameworksBuildPhase section */

/* Begin PBXGroup section */
		552E72D37D648828B003D76D /* Frameworks */ = {
			isa = PBXGroup;
			children = (
				90153E9A0D22EF23CACCA668 /* libPods-windmill.a */,
			);
			name = Frameworks;
			sourceTree = "<group>";
		};
		6B1FE28C247C8171008618E7 /* Extensions */ = {
			isa = PBXGroup;
			children = (
				6B1FE28D247C8196008618E7 /* Color.swift */,
				6B1FE28F247CE92A008618E7 /* ViewController.swift */,
				6BD91BD5247DB8D600F98C6B /* Notifications.swift */,
			);
			path = Extensions;
			sourceTree = "<group>";
		};
		6B37A9C124632A7900E4038C /* Record */ = {
			isa = PBXGroup;
			children = (
				6B37A9C224632AA700E4038C /* RecordViewController.swift */,
				6B37A9C6246490AF00E4038C /* VideoEditViewController.swift */,
			);
			path = Record;
			sourceTree = "<group>";
		};
		6B431459247063040055482D /* Managers */ = {
			isa = PBXGroup;
			children = (
				6B99B4C7247C2F17009011EA /* Post */,
				6BAD80A9246E09E600C6D046 /* Feed */,
				6BAD80A6246DBD3100C6D046 /* Storage */,
				6B9D2D42246CA3D200C6E416 /* User */,
				6B9D2D3F246CA06800C6E416 /* Search */,
				6B84234B245A9A7B0027EA1A /* Upload */,
				6BFEA9852451335A00181287 /* Auth */,
			);
			path = Managers;
			sourceTree = "<group>";
		};
		6B43145B2470635A0055482D /* Post */ = {
			isa = PBXGroup;
			children = (
				6B43145C2470636F0055482D /* Post.swift */,
			);
			path = Post;
			sourceTree = "<group>";
		};
		6B6D0C8D2461151100348955 /* Profile */ = {
			isa = PBXGroup;
			children = (
				6B6D0C8E2461153900348955 /* ProfileViewController.swift */,
			);
			path = Profile;
			sourceTree = "<group>";
		};
		6B84234B245A9A7B0027EA1A /* Upload */ = {
			isa = PBXGroup;
			children = (
				6B84234C245A9AA40027EA1A /* UploadManager.swift */,
			);
			path = Upload;
			sourceTree = "<group>";
		};
		6B881A4B2450C59F001466CB = {
			isa = PBXGroup;
			children = (
				6B881A562450C59F001466CB /* windmill */,
				6B881A552450C59F001466CB /* Products */,
				552E72D37D648828B003D76D /* Frameworks */,
				B0B6A2D5712E53957A5AD7F4 /* Pods */,
			);
			sourceTree = "<group>";
		};
		6B881A552450C59F001466CB /* Products */ = {
			isa = PBXGroup;
			children = (
				6B881A542450C59F001466CB /* windmill.app */,
			);
			name = Products;
			sourceTree = "<group>";
		};
		6B881A562450C59F001466CB /* windmill */ = {
			isa = PBXGroup;
			children = (
				6BB54ACC24525F2300BD4418 /* Config */,
				6BFEA9792450F2AF00181287 /* Models */,
				6BFEA9782450F26600181287 /* Controllers */,
				6BFEA9772450F25300181287 /* Views */,
				6B1FE28C247C8171008618E7 /* Extensions */,
				6B881A6B2450D5E3001466CB /* Resources */,
				6B881A572450C59F001466CB /* AppDelegate.swift */,
				6B881A592450C59F001466CB /* SceneDelegate.swift */,
				6B881A652450C5A0001466CB /* Info.plist */,
			);
			path = windmill;
			sourceTree = "<group>";
		};
		6B881A6B2450D5E3001466CB /* Resources */ = {
			isa = PBXGroup;
			children = (
				6B881A602450C5A0001466CB /* Assets.xcassets */,
				6B881A6C2450D5EB001466CB /* Fonts */,
			);
			path = Resources;
			sourceTree = "<group>";
		};
		6B881A6C2450D5EB001466CB /* Fonts */ = {
			isa = PBXGroup;
			children = (
				6B881A6D2450D5F8001466CB /* Pacifico-Regular.ttf */,
			);
			path = Fonts;
			sourceTree = "<group>";
		};
		6B8FBC0D2458A98A00C1CF26 /* Media */ = {
			isa = PBXGroup;
			children = (
				6B8FBC102458ABE900C1CF26 /* ImagePicker.swift */,
			);
			path = Media;
			sourceTree = "<group>";
		};
		6B8FBC142458DAA600C1CF26 /* Home */ = {
			isa = PBXGroup;
			children = (
				6B8FBC152458DABB00C1CF26 /* HomeViewController.swift */,
				6B99B4BC24779600009011EA /* ChildViewController.swift */,
			);
			path = Home;
			sourceTree = "<group>";
		};
		6B99B4C7247C2F17009011EA /* Post */ = {
			isa = PBXGroup;
			children = (
				6B99B4C8247C2F31009011EA /* PostManager.swift */,
			);
			path = Post;
			sourceTree = "<group>";
		};
		6B9D2D3C246C9EE800C6E416 /* Search */ = {
			isa = PBXGroup;
			children = (
				6B9D2D3D246C9EFB00C6E416 /* SearchViewController.swift */,
			);
			path = Search;
			sourceTree = "<group>";
		};
		6B9D2D3F246CA06800C6E416 /* Search */ = {
			isa = PBXGroup;
			children = (
				6B9D2D40246CA07B00C6E416 /* SearchManager.swift */,
			);
			path = Search;
			sourceTree = "<group>";
		};
		6B9D2D42246CA3D200C6E416 /* User */ = {
			isa = PBXGroup;
			children = (
				6B9D2D43246CA3E500C6E416 /* UserManager.swift */,
			);
			path = User;
			sourceTree = "<group>";
		};
		6BAD80A6246DBD3100C6D046 /* Storage */ = {
			isa = PBXGroup;
			children = (
				6BAD80A7246DBD5900C6D046 /* StorageManager.swift */,
			);
			path = Storage;
			sourceTree = "<group>";
		};
		6BAD80A9246E09E600C6D046 /* Feed */ = {
			isa = PBXGroup;
			children = (
				6BAD80AA246E09F500C6D046 /* FeedManager.swift */,
			);
			path = Feed;
			sourceTree = "<group>";
		};
		6BB54ACC24525F2300BD4418 /* Config */ = {
			isa = PBXGroup;
			children = (
				6BB54ACE24525FB700BD4418 /* Development.xcconfig */,
				6BB54AD92452632A00BD4418 /* Staging.xcconfig */,
				6BB54ADA2452633A00BD4418 /* Production.xcconfig */,
				6BB574F024526BFE0065B5CB /* Environment.swift */,
			);
			path = Config;
			sourceTree = "<group>";
		};
		6BFEA9772450F25300181287 /* Views */ = {
			isa = PBXGroup;
			children = (
				6B881A5D2450C59F001466CB /* Main.storyboard */,
				6B881A622450C5A0001466CB /* LaunchScreen.storyboard */,
				6B3008CC2457771F00960071 /* UserCreation.storyboard */,
				6B99B4BA24777F2C009011EA /* WindmillMain.storyboard */,
			);
			path = Views;
			sourceTree = "<group>";
		};
		6BFEA9782450F26600181287 /* Controllers */ = {
			isa = PBXGroup;
			children = (
				6B9D2D3C246C9EE800C6E416 /* Search */,
				6B37A9C124632A7900E4038C /* Record */,
				6B6D0C8D2461151100348955 /* Profile */,
				6B8FBC142458DAA600C1CF26 /* Home */,
				6B8FBC0D2458A98A00C1CF26 /* Media */,
				6BFEA97D2450F38C00181287 /* Auth */,
			);
			path = Controllers;
			sourceTree = "<group>";
		};
		6BFEA9792450F2AF00181287 /* Models */ = {
			isa = PBXGroup;
			children = (
				6B43145B2470635A0055482D /* Post */,
				6B431459247063040055482D /* Managers */,
			);
			path = Models;
			sourceTree = "<group>";
		};
		6BFEA97D2450F38C00181287 /* Auth */ = {
			isa = PBXGroup;
			children = (
				6B881A5B2450C59F001466CB /* LoginViewController.swift */,
				6B5F538B245A9DB400A2610E /* UserCreationViewController.swift */,
			);
			path = Auth;
			sourceTree = "<group>";
		};
		6BFEA9852451335A00181287 /* Auth */ = {
			isa = PBXGroup;
			children = (
				6BFEA988245133E100181287 /* AuthManager.swift */,
			);
			path = Auth;
			sourceTree = "<group>";
		};
		B0B6A2D5712E53957A5AD7F4 /* Pods */ = {
			isa = PBXGroup;
			children = (
				1BDB754FB4236FCA07693311 /* Pods-windmill.debug.xcconfig */,
				A1784A103F842668AE4FF3CF /* Pods-windmill.release.xcconfig */,
				522504E802420F70C6D5FB8A /* Pods-windmill.debug (development).xcconfig */,
				79D76D8B6AF06C8E36D80302 /* Pods-windmill.debug (staging).xcconfig */,
				42A45FAACBC6B2C0CD04BBDB /* Pods-windmill.debug (production).xcconfig */,
				9FE6E7F7A9F848A549273FD1 /* Pods-windmill.release (development).xcconfig */,
				C8CC1F2B4CB98E38FCF61B0C /* Pods-windmill.release (staging).xcconfig */,
				8A33283209E1F975D641D025 /* Pods-windmill.release (production).xcconfig */,
			);
			path = Pods;
			sourceTree = "<group>";
		};
/* End PBXGroup section */

/* Begin PBXNativeTarget section */
		6B881A532450C59F001466CB /* windmill */ = {
			isa = PBXNativeTarget;
			buildConfigurationList = 6B881A682450C5A0001466CB /* Build configuration list for PBXNativeTarget "windmill" */;
			buildPhases = (
				FBA23F2CBA2EDDB6638EE6DA /* [CP] Check Pods Manifest.lock */,
				6B881A502450C59F001466CB /* Sources */,
				6B881A512450C59F001466CB /* Frameworks */,
				6B881A522450C59F001466CB /* Resources */,
				18D97D19CB364A796849FCF4 /* [CP] Copy Pods Resources */,
			);
			buildRules = (
			);
			dependencies = (
			);
			name = windmill;
			productName = windmill;
			productReference = 6B881A542450C59F001466CB /* windmill.app */;
			productType = "com.apple.product-type.application";
		};
/* End PBXNativeTarget section */

/* Begin PBXProject section */
		6B881A4C2450C59F001466CB /* Project object */ = {
			isa = PBXProject;
			attributes = {
				LastSwiftUpdateCheck = 1140;
				LastUpgradeCheck = 1140;
				ORGANIZATIONNAME = "Liam Reardon";
				TargetAttributes = {
					6B881A532450C59F001466CB = {
						CreatedOnToolsVersion = 11.4.1;
					};
				};
			};
			buildConfigurationList = 6B881A4F2450C59F001466CB /* Build configuration list for PBXProject "windmill" */;
			compatibilityVersion = "Xcode 9.3";
			developmentRegion = en;
			hasScannedForEncodings = 0;
			knownRegions = (
				en,
				Base,
			);
			mainGroup = 6B881A4B2450C59F001466CB;
			productRefGroup = 6B881A552450C59F001466CB /* Products */;
			projectDirPath = "";
			projectRoot = "";
			targets = (
				6B881A532450C59F001466CB /* windmill */,
			);
		};
/* End PBXProject section */

/* Begin PBXResourcesBuildPhase section */
		6B881A522450C59F001466CB /* Resources */ = {
			isa = PBXResourcesBuildPhase;
			buildActionMask = 2147483647;
			files = (
				6B99B4BB24777F2C009011EA /* WindmillMain.storyboard in Resources */,
				6B881A642450C5A0001466CB /* LaunchScreen.storyboard in Resources */,
				6B881A6E2450D5F8001466CB /* Pacifico-Regular.ttf in Resources */,
				6B881A612450C5A0001466CB /* Assets.xcassets in Resources */,
				6B881A5F2450C59F001466CB /* Main.storyboard in Resources */,
				6B3008CD2457771F00960071 /* UserCreation.storyboard in Resources */,
			);
			runOnlyForDeploymentPostprocessing = 0;
		};
/* End PBXResourcesBuildPhase section */

/* Begin PBXShellScriptBuildPhase section */
		18D97D19CB364A796849FCF4 /* [CP] Copy Pods Resources */ = {
			isa = PBXShellScriptBuildPhase;
			buildActionMask = 2147483647;
			files = (
			);
			inputFileListPaths = (
				"${PODS_ROOT}/Target Support Files/Pods-windmill/Pods-windmill-resources-${CONFIGURATION}-input-files.xcfilelist",
			);
			name = "[CP] Copy Pods Resources";
			outputFileListPaths = (
				"${PODS_ROOT}/Target Support Files/Pods-windmill/Pods-windmill-resources-${CONFIGURATION}-output-files.xcfilelist",
			);
			runOnlyForDeploymentPostprocessing = 0;
			shellPath = /bin/sh;
			shellScript = "\"${PODS_ROOT}/Target Support Files/Pods-windmill/Pods-windmill-resources.sh\"\n";
			showEnvVarsInLog = 0;
		};
		FBA23F2CBA2EDDB6638EE6DA /* [CP] Check Pods Manifest.lock */ = {
			isa = PBXShellScriptBuildPhase;
			buildActionMask = 2147483647;
			files = (
			);
			inputFileListPaths = (
			);
			inputPaths = (
				"${PODS_PODFILE_DIR_PATH}/Podfile.lock",
				"${PODS_ROOT}/Manifest.lock",
			);
			name = "[CP] Check Pods Manifest.lock";
			outputFileListPaths = (
			);
			outputPaths = (
				"$(DERIVED_FILE_DIR)/Pods-windmill-checkManifestLockResult.txt",
			);
			runOnlyForDeploymentPostprocessing = 0;
			shellPath = /bin/sh;
			shellScript = "diff \"${PODS_PODFILE_DIR_PATH}/Podfile.lock\" \"${PODS_ROOT}/Manifest.lock\" > /dev/null\nif [ $? != 0 ] ; then\n    # print error to STDERR\n    echo \"error: The sandbox is not in sync with the Podfile.lock. Run 'pod install' or update your CocoaPods installation.\" >&2\n    exit 1\nfi\n# This output is used by Xcode 'outputs' to avoid re-running this script phase.\necho \"SUCCESS\" > \"${SCRIPT_OUTPUT_FILE_0}\"\n";
			showEnvVarsInLog = 0;
		};
/* End PBXShellScriptBuildPhase section */

/* Begin PBXSourcesBuildPhase section */
		6B881A502450C59F001466CB /* Sources */ = {
			isa = PBXSourcesBuildPhase;
			buildActionMask = 2147483647;
			files = (
				6B37A9C7246490AF00E4038C /* VideoEditViewController.swift in Sources */,
				6B9D2D41246CA07B00C6E416 /* SearchManager.swift in Sources */,
				6B1FE28E247C8196008618E7 /* Color.swift in Sources */,
				6B99B4BD24779600009011EA /* ChildViewController.swift in Sources */,
				6B1FE290247CE92A008618E7 /* ViewController.swift in Sources */,
				6B881A5C2450C59F001466CB /* LoginViewController.swift in Sources */,
				6B9D2D44246CA3E500C6E416 /* UserManager.swift in Sources */,
				6BB574F124526BFE0065B5CB /* Environment.swift in Sources */,
				6B6D0C8F2461153900348955 /* ProfileViewController.swift in Sources */,
				6B881A582450C59F001466CB /* AppDelegate.swift in Sources */,
				6B8FBC162458DABB00C1CF26 /* HomeViewController.swift in Sources */,
				6B37A9C324632AA700E4038C /* RecordViewController.swift in Sources */,
				6BAD80AB246E09F500C6D046 /* FeedManager.swift in Sources */,
				6B8FBC112458ABE900C1CF26 /* ImagePicker.swift in Sources */,
				6B9D2D3E246C9EFB00C6E416 /* SearchViewController.swift in Sources */,
				6B881A5A2450C59F001466CB /* SceneDelegate.swift in Sources */,
				6B5F538C245A9DB400A2610E /* UserCreationViewController.swift in Sources */,
				6B84234D245A9AA40027EA1A /* UploadManager.swift in Sources */,
				6BFEA989245133E100181287 /* AuthManager.swift in Sources */,
				6BD91BD6247DB8D600F98C6B /* Notifications.swift in Sources */,
				6B99B4C9247C2F31009011EA /* PostManager.swift in Sources */,
				6BAD80A8246DBD5900C6D046 /* StorageManager.swift in Sources */,
				6B43145D2470636F0055482D /* Post.swift in Sources */,
			);
			runOnlyForDeploymentPostprocessing = 0;
		};
/* End PBXSourcesBuildPhase section */

/* Begin PBXVariantGroup section */
		6B881A5D2450C59F001466CB /* Main.storyboard */ = {
			isa = PBXVariantGroup;
			children = (
				6B881A5E2450C59F001466CB /* Base */,
			);
			name = Main.storyboard;
			sourceTree = "<group>";
		};
		6B881A622450C5A0001466CB /* LaunchScreen.storyboard */ = {
			isa = PBXVariantGroup;
			children = (
				6B881A632450C5A0001466CB /* Base */,
			);
			name = LaunchScreen.storyboard;
			sourceTree = "<group>";
		};
/* End PBXVariantGroup section */

/* Begin XCBuildConfiguration section */
		6B881A662450C5A0001466CB /* Debug (Development) */ = {
			isa = XCBuildConfiguration;
			baseConfigurationReference = 6BB54ACE24525FB700BD4418 /* Development.xcconfig */;
			buildSettings = {
				ALWAYS_SEARCH_USER_PATHS = NO;
				CLANG_ANALYZER_NONNULL = YES;
				CLANG_ANALYZER_NUMBER_OBJECT_CONVERSION = YES_AGGRESSIVE;
				CLANG_CXX_LANGUAGE_STANDARD = "gnu++14";
				CLANG_CXX_LIBRARY = "libc++";
				CLANG_ENABLE_MODULES = YES;
				CLANG_ENABLE_OBJC_ARC = YES;
				CLANG_ENABLE_OBJC_WEAK = YES;
				CLANG_WARN_BLOCK_CAPTURE_AUTORELEASING = YES;
				CLANG_WARN_BOOL_CONVERSION = YES;
				CLANG_WARN_COMMA = YES;
				CLANG_WARN_CONSTANT_CONVERSION = YES;
				CLANG_WARN_DEPRECATED_OBJC_IMPLEMENTATIONS = YES;
				CLANG_WARN_DIRECT_OBJC_ISA_USAGE = YES_ERROR;
				CLANG_WARN_DOCUMENTATION_COMMENTS = YES;
				CLANG_WARN_EMPTY_BODY = YES;
				CLANG_WARN_ENUM_CONVERSION = YES;
				CLANG_WARN_INFINITE_RECURSION = YES;
				CLANG_WARN_INT_CONVERSION = YES;
				CLANG_WARN_NON_LITERAL_NULL_CONVERSION = YES;
				CLANG_WARN_OBJC_IMPLICIT_RETAIN_SELF = YES;
				CLANG_WARN_OBJC_LITERAL_CONVERSION = YES;
				CLANG_WARN_OBJC_ROOT_CLASS = YES_ERROR;
				CLANG_WARN_RANGE_LOOP_ANALYSIS = YES;
				CLANG_WARN_STRICT_PROTOTYPES = YES;
				CLANG_WARN_SUSPICIOUS_MOVE = YES;
				CLANG_WARN_UNGUARDED_AVAILABILITY = YES_AGGRESSIVE;
				CLANG_WARN_UNREACHABLE_CODE = YES;
				CLANG_WARN__DUPLICATE_METHOD_MATCH = YES;
				COPY_PHASE_STRIP = NO;
				DEBUG_INFORMATION_FORMAT = dwarf;
				ENABLE_STRICT_OBJC_MSGSEND = YES;
				ENABLE_TESTABILITY = YES;
				GCC_C_LANGUAGE_STANDARD = gnu11;
				GCC_DYNAMIC_NO_PIC = NO;
				GCC_NO_COMMON_BLOCKS = YES;
				GCC_OPTIMIZATION_LEVEL = 0;
				GCC_PREPROCESSOR_DEFINITIONS = (
					"DEBUG=1",
					"$(inherited)",
				);
				GCC_WARN_64_TO_32_BIT_CONVERSION = YES;
				GCC_WARN_ABOUT_RETURN_TYPE = YES_ERROR;
				GCC_WARN_UNDECLARED_SELECTOR = YES;
				GCC_WARN_UNINITIALIZED_AUTOS = YES_AGGRESSIVE;
				GCC_WARN_UNUSED_FUNCTION = YES;
				GCC_WARN_UNUSED_VARIABLE = YES;
				IPHONEOS_DEPLOYMENT_TARGET = 13.4;
				MTL_ENABLE_DEBUG_INFO = INCLUDE_SOURCE;
				MTL_FAST_MATH = YES;
				ONLY_ACTIVE_ARCH = YES;
				SDKROOT = iphoneos;
				SWIFT_ACTIVE_COMPILATION_CONDITIONS = DEBUG;
				SWIFT_OPTIMIZATION_LEVEL = "-Onone";
			};
			name = "Debug (Development)";
		};
		6B881A672450C5A0001466CB /* Release (Development) */ = {
			isa = XCBuildConfiguration;
			baseConfigurationReference = 6BB54ACE24525FB700BD4418 /* Development.xcconfig */;
			buildSettings = {
				ALWAYS_SEARCH_USER_PATHS = NO;
				CLANG_ANALYZER_NONNULL = YES;
				CLANG_ANALYZER_NUMBER_OBJECT_CONVERSION = YES_AGGRESSIVE;
				CLANG_CXX_LANGUAGE_STANDARD = "gnu++14";
				CLANG_CXX_LIBRARY = "libc++";
				CLANG_ENABLE_MODULES = YES;
				CLANG_ENABLE_OBJC_ARC = YES;
				CLANG_ENABLE_OBJC_WEAK = YES;
				CLANG_WARN_BLOCK_CAPTURE_AUTORELEASING = YES;
				CLANG_WARN_BOOL_CONVERSION = YES;
				CLANG_WARN_COMMA = YES;
				CLANG_WARN_CONSTANT_CONVERSION = YES;
				CLANG_WARN_DEPRECATED_OBJC_IMPLEMENTATIONS = YES;
				CLANG_WARN_DIRECT_OBJC_ISA_USAGE = YES_ERROR;
				CLANG_WARN_DOCUMENTATION_COMMENTS = YES;
				CLANG_WARN_EMPTY_BODY = YES;
				CLANG_WARN_ENUM_CONVERSION = YES;
				CLANG_WARN_INFINITE_RECURSION = YES;
				CLANG_WARN_INT_CONVERSION = YES;
				CLANG_WARN_NON_LITERAL_NULL_CONVERSION = YES;
				CLANG_WARN_OBJC_IMPLICIT_RETAIN_SELF = YES;
				CLANG_WARN_OBJC_LITERAL_CONVERSION = YES;
				CLANG_WARN_OBJC_ROOT_CLASS = YES_ERROR;
				CLANG_WARN_RANGE_LOOP_ANALYSIS = YES;
				CLANG_WARN_STRICT_PROTOTYPES = YES;
				CLANG_WARN_SUSPICIOUS_MOVE = YES;
				CLANG_WARN_UNGUARDED_AVAILABILITY = YES_AGGRESSIVE;
				CLANG_WARN_UNREACHABLE_CODE = YES;
				CLANG_WARN__DUPLICATE_METHOD_MATCH = YES;
				COPY_PHASE_STRIP = NO;
				DEBUG_INFORMATION_FORMAT = "dwarf-with-dsym";
				ENABLE_NS_ASSERTIONS = NO;
				ENABLE_STRICT_OBJC_MSGSEND = YES;
				ENABLE_TESTABILITY = YES;
				GCC_C_LANGUAGE_STANDARD = gnu11;
				GCC_NO_COMMON_BLOCKS = YES;
				GCC_WARN_64_TO_32_BIT_CONVERSION = YES;
				GCC_WARN_ABOUT_RETURN_TYPE = YES_ERROR;
				GCC_WARN_UNDECLARED_SELECTOR = YES;
				GCC_WARN_UNINITIALIZED_AUTOS = YES_AGGRESSIVE;
				GCC_WARN_UNUSED_FUNCTION = YES;
				GCC_WARN_UNUSED_VARIABLE = YES;
				IPHONEOS_DEPLOYMENT_TARGET = 13.4;
				MTL_ENABLE_DEBUG_INFO = NO;
				MTL_FAST_MATH = YES;
				ONLY_ACTIVE_ARCH = YES;
				SDKROOT = iphoneos;
				SWIFT_COMPILATION_MODE = wholemodule;
				SWIFT_OPTIMIZATION_LEVEL = "-O";
				VALIDATE_PRODUCT = YES;
			};
			name = "Release (Development)";
		};
		6B881A692450C5A0001466CB /* Debug (Development) */ = {
			isa = XCBuildConfiguration;
			baseConfigurationReference = 522504E802420F70C6D5FB8A /* Pods-windmill.debug (development).xcconfig */;
			buildSettings = {
				ASSETCATALOG_COMPILER_APPICON_NAME = AppIcon;
				CODE_SIGN_STYLE = Automatic;
				DEVELOPMENT_TEAM = 2EC9AK89JE;
				INFOPLIST_FILE = windmill/Info.plist;
				IPHONEOS_DEPLOYMENT_TARGET = 13.0;
				LD_RUNPATH_SEARCH_PATHS = (
					"$(inherited)",
					"@executable_path/Frameworks",
				);
				PRODUCT_BUNDLE_IDENTIFIER = io.liamreardon.windmill.dev;
				PRODUCT_NAME = "$(TARGET_NAME)";
				SWIFT_VERSION = 5.0;
				TARGETED_DEVICE_FAMILY = "1,2";
			};
			name = "Debug (Development)";
		};
		6B881A6A2450C5A0001466CB /* Release (Development) */ = {
			isa = XCBuildConfiguration;
			baseConfigurationReference = 9FE6E7F7A9F848A549273FD1 /* Pods-windmill.release (development).xcconfig */;
			buildSettings = {
				ASSETCATALOG_COMPILER_APPICON_NAME = AppIcon;
				CODE_SIGN_STYLE = Automatic;
				DEVELOPMENT_TEAM = 2EC9AK89JE;
				INFOPLIST_FILE = windmill/Info.plist;
				IPHONEOS_DEPLOYMENT_TARGET = 13.0;
				LD_RUNPATH_SEARCH_PATHS = (
					"$(inherited)",
					"@executable_path/Frameworks",
				);
				PRODUCT_BUNDLE_IDENTIFIER = io.liamreardon.windmill.dev;
				PRODUCT_NAME = "$(TARGET_NAME)";
				SWIFT_VERSION = 5.0;
				TARGETED_DEVICE_FAMILY = "1,2";
			};
			name = "Release (Development)";
		};
		6BB54ACF245260A900BD4418 /* Debug (Production) */ = {
			isa = XCBuildConfiguration;
			baseConfigurationReference = 6BB54ADA2452633A00BD4418 /* Production.xcconfig */;
			buildSettings = {
				ALWAYS_SEARCH_USER_PATHS = NO;
				CLANG_ANALYZER_NONNULL = YES;
				CLANG_ANALYZER_NUMBER_OBJECT_CONVERSION = YES_AGGRESSIVE;
				CLANG_CXX_LANGUAGE_STANDARD = "gnu++14";
				CLANG_CXX_LIBRARY = "libc++";
				CLANG_ENABLE_MODULES = YES;
				CLANG_ENABLE_OBJC_ARC = YES;
				CLANG_ENABLE_OBJC_WEAK = YES;
				CLANG_WARN_BLOCK_CAPTURE_AUTORELEASING = YES;
				CLANG_WARN_BOOL_CONVERSION = YES;
				CLANG_WARN_COMMA = YES;
				CLANG_WARN_CONSTANT_CONVERSION = YES;
				CLANG_WARN_DEPRECATED_OBJC_IMPLEMENTATIONS = YES;
				CLANG_WARN_DIRECT_OBJC_ISA_USAGE = YES_ERROR;
				CLANG_WARN_DOCUMENTATION_COMMENTS = YES;
				CLANG_WARN_EMPTY_BODY = YES;
				CLANG_WARN_ENUM_CONVERSION = YES;
				CLANG_WARN_INFINITE_RECURSION = YES;
				CLANG_WARN_INT_CONVERSION = YES;
				CLANG_WARN_NON_LITERAL_NULL_CONVERSION = YES;
				CLANG_WARN_OBJC_IMPLICIT_RETAIN_SELF = YES;
				CLANG_WARN_OBJC_LITERAL_CONVERSION = YES;
				CLANG_WARN_OBJC_ROOT_CLASS = YES_ERROR;
				CLANG_WARN_RANGE_LOOP_ANALYSIS = YES;
				CLANG_WARN_STRICT_PROTOTYPES = YES;
				CLANG_WARN_SUSPICIOUS_MOVE = YES;
				CLANG_WARN_UNGUARDED_AVAILABILITY = YES_AGGRESSIVE;
				CLANG_WARN_UNREACHABLE_CODE = YES;
				CLANG_WARN__DUPLICATE_METHOD_MATCH = YES;
				COPY_PHASE_STRIP = NO;
				DEBUG_INFORMATION_FORMAT = dwarf;
				ENABLE_STRICT_OBJC_MSGSEND = YES;
				ENABLE_TESTABILITY = YES;
				GCC_C_LANGUAGE_STANDARD = gnu11;
				GCC_DYNAMIC_NO_PIC = NO;
				GCC_NO_COMMON_BLOCKS = YES;
				GCC_OPTIMIZATION_LEVEL = 0;
				GCC_PREPROCESSOR_DEFINITIONS = (
					"DEBUG=1",
					"$(inherited)",
				);
				GCC_WARN_64_TO_32_BIT_CONVERSION = YES;
				GCC_WARN_ABOUT_RETURN_TYPE = YES_ERROR;
				GCC_WARN_UNDECLARED_SELECTOR = YES;
				GCC_WARN_UNINITIALIZED_AUTOS = YES_AGGRESSIVE;
				GCC_WARN_UNUSED_FUNCTION = YES;
				GCC_WARN_UNUSED_VARIABLE = YES;
				IPHONEOS_DEPLOYMENT_TARGET = 13.4;
				MTL_ENABLE_DEBUG_INFO = INCLUDE_SOURCE;
				MTL_FAST_MATH = YES;
				ONLY_ACTIVE_ARCH = YES;
				SDKROOT = iphoneos;
				SWIFT_ACTIVE_COMPILATION_CONDITIONS = DEBUG;
				SWIFT_OPTIMIZATION_LEVEL = "-Onone";
			};
			name = "Debug (Production)";
		};
		6BB54AD0245260A900BD4418 /* Debug (Production) */ = {
			isa = XCBuildConfiguration;
			baseConfigurationReference = 42A45FAACBC6B2C0CD04BBDB /* Pods-windmill.debug (production).xcconfig */;
			buildSettings = {
				ASSETCATALOG_COMPILER_APPICON_NAME = AppIcon;
				CODE_SIGN_STYLE = Automatic;
				DEVELOPMENT_TEAM = 2EC9AK89JE;
				INFOPLIST_FILE = windmill/Info.plist;
				IPHONEOS_DEPLOYMENT_TARGET = 13.0;
				LD_RUNPATH_SEARCH_PATHS = (
					"$(inherited)",
					"@executable_path/Frameworks",
				);
				PRODUCT_BUNDLE_IDENTIFIER = io.liamreardon.windmill.dev;
				PRODUCT_NAME = "$(TARGET_NAME)";
				SWIFT_VERSION = 5.0;
				TARGETED_DEVICE_FAMILY = "1,2";
			};
			name = "Debug (Production)";
		};
		6BB54AD1245260AF00BD4418 /* Debug (Staging) */ = {
			isa = XCBuildConfiguration;
			baseConfigurationReference = 6BB54AD92452632A00BD4418 /* Staging.xcconfig */;
			buildSettings = {
				ALWAYS_SEARCH_USER_PATHS = NO;
				CLANG_ANALYZER_NONNULL = YES;
				CLANG_ANALYZER_NUMBER_OBJECT_CONVERSION = YES_AGGRESSIVE;
				CLANG_CXX_LANGUAGE_STANDARD = "gnu++14";
				CLANG_CXX_LIBRARY = "libc++";
				CLANG_ENABLE_MODULES = YES;
				CLANG_ENABLE_OBJC_ARC = YES;
				CLANG_ENABLE_OBJC_WEAK = YES;
				CLANG_WARN_BLOCK_CAPTURE_AUTORELEASING = YES;
				CLANG_WARN_BOOL_CONVERSION = YES;
				CLANG_WARN_COMMA = YES;
				CLANG_WARN_CONSTANT_CONVERSION = YES;
				CLANG_WARN_DEPRECATED_OBJC_IMPLEMENTATIONS = YES;
				CLANG_WARN_DIRECT_OBJC_ISA_USAGE = YES_ERROR;
				CLANG_WARN_DOCUMENTATION_COMMENTS = YES;
				CLANG_WARN_EMPTY_BODY = YES;
				CLANG_WARN_ENUM_CONVERSION = YES;
				CLANG_WARN_INFINITE_RECURSION = YES;
				CLANG_WARN_INT_CONVERSION = YES;
				CLANG_WARN_NON_LITERAL_NULL_CONVERSION = YES;
				CLANG_WARN_OBJC_IMPLICIT_RETAIN_SELF = YES;
				CLANG_WARN_OBJC_LITERAL_CONVERSION = YES;
				CLANG_WARN_OBJC_ROOT_CLASS = YES_ERROR;
				CLANG_WARN_RANGE_LOOP_ANALYSIS = YES;
				CLANG_WARN_STRICT_PROTOTYPES = YES;
				CLANG_WARN_SUSPICIOUS_MOVE = YES;
				CLANG_WARN_UNGUARDED_AVAILABILITY = YES_AGGRESSIVE;
				CLANG_WARN_UNREACHABLE_CODE = YES;
				CLANG_WARN__DUPLICATE_METHOD_MATCH = YES;
				COPY_PHASE_STRIP = NO;
				DEBUG_INFORMATION_FORMAT = dwarf;
				ENABLE_STRICT_OBJC_MSGSEND = YES;
				ENABLE_TESTABILITY = YES;
				GCC_C_LANGUAGE_STANDARD = gnu11;
				GCC_DYNAMIC_NO_PIC = NO;
				GCC_NO_COMMON_BLOCKS = YES;
				GCC_OPTIMIZATION_LEVEL = 0;
				GCC_PREPROCESSOR_DEFINITIONS = (
					"DEBUG=1",
					"$(inherited)",
				);
				GCC_WARN_64_TO_32_BIT_CONVERSION = YES;
				GCC_WARN_ABOUT_RETURN_TYPE = YES_ERROR;
				GCC_WARN_UNDECLARED_SELECTOR = YES;
				GCC_WARN_UNINITIALIZED_AUTOS = YES_AGGRESSIVE;
				GCC_WARN_UNUSED_FUNCTION = YES;
				GCC_WARN_UNUSED_VARIABLE = YES;
				IPHONEOS_DEPLOYMENT_TARGET = 13.4;
				MTL_ENABLE_DEBUG_INFO = INCLUDE_SOURCE;
				MTL_FAST_MATH = YES;
				ONLY_ACTIVE_ARCH = YES;
				SDKROOT = iphoneos;
				SWIFT_ACTIVE_COMPILATION_CONDITIONS = DEBUG;
				SWIFT_OPTIMIZATION_LEVEL = "-Onone";
			};
			name = "Debug (Staging)";
		};
		6BB54AD2245260AF00BD4418 /* Debug (Staging) */ = {
			isa = XCBuildConfiguration;
			baseConfigurationReference = 79D76D8B6AF06C8E36D80302 /* Pods-windmill.debug (staging).xcconfig */;
			buildSettings = {
				ASSETCATALOG_COMPILER_APPICON_NAME = AppIcon;
				CODE_SIGN_STYLE = Automatic;
				DEVELOPMENT_TEAM = 2EC9AK89JE;
				INFOPLIST_FILE = windmill/Info.plist;
				IPHONEOS_DEPLOYMENT_TARGET = 13.0;
				LD_RUNPATH_SEARCH_PATHS = (
					"$(inherited)",
					"@executable_path/Frameworks",
				);
				PRODUCT_BUNDLE_IDENTIFIER = io.liamreardon.windmill.dev;
				PRODUCT_NAME = "$(TARGET_NAME)";
				SWIFT_VERSION = 5.0;
				TARGETED_DEVICE_FAMILY = "1,2";
			};
			name = "Debug (Staging)";
		};
		6BB54AD5245260E800BD4418 /* Release (Staging) */ = {
			isa = XCBuildConfiguration;
			baseConfigurationReference = 6BB54AD92452632A00BD4418 /* Staging.xcconfig */;
			buildSettings = {
				ALWAYS_SEARCH_USER_PATHS = NO;
				CLANG_ANALYZER_NONNULL = YES;
				CLANG_ANALYZER_NUMBER_OBJECT_CONVERSION = YES_AGGRESSIVE;
				CLANG_CXX_LANGUAGE_STANDARD = "gnu++14";
				CLANG_CXX_LIBRARY = "libc++";
				CLANG_ENABLE_MODULES = YES;
				CLANG_ENABLE_OBJC_ARC = YES;
				CLANG_ENABLE_OBJC_WEAK = YES;
				CLANG_WARN_BLOCK_CAPTURE_AUTORELEASING = YES;
				CLANG_WARN_BOOL_CONVERSION = YES;
				CLANG_WARN_COMMA = YES;
				CLANG_WARN_CONSTANT_CONVERSION = YES;
				CLANG_WARN_DEPRECATED_OBJC_IMPLEMENTATIONS = YES;
				CLANG_WARN_DIRECT_OBJC_ISA_USAGE = YES_ERROR;
				CLANG_WARN_DOCUMENTATION_COMMENTS = YES;
				CLANG_WARN_EMPTY_BODY = YES;
				CLANG_WARN_ENUM_CONVERSION = YES;
				CLANG_WARN_INFINITE_RECURSION = YES;
				CLANG_WARN_INT_CONVERSION = YES;
				CLANG_WARN_NON_LITERAL_NULL_CONVERSION = YES;
				CLANG_WARN_OBJC_IMPLICIT_RETAIN_SELF = YES;
				CLANG_WARN_OBJC_LITERAL_CONVERSION = YES;
				CLANG_WARN_OBJC_ROOT_CLASS = YES_ERROR;
				CLANG_WARN_RANGE_LOOP_ANALYSIS = YES;
				CLANG_WARN_STRICT_PROTOTYPES = YES;
				CLANG_WARN_SUSPICIOUS_MOVE = YES;
				CLANG_WARN_UNGUARDED_AVAILABILITY = YES_AGGRESSIVE;
				CLANG_WARN_UNREACHABLE_CODE = YES;
				CLANG_WARN__DUPLICATE_METHOD_MATCH = YES;
				COPY_PHASE_STRIP = NO;
				DEBUG_INFORMATION_FORMAT = "dwarf-with-dsym";
				ENABLE_NS_ASSERTIONS = NO;
				ENABLE_STRICT_OBJC_MSGSEND = YES;
				GCC_C_LANGUAGE_STANDARD = gnu11;
				GCC_NO_COMMON_BLOCKS = YES;
				GCC_WARN_64_TO_32_BIT_CONVERSION = YES;
				GCC_WARN_ABOUT_RETURN_TYPE = YES_ERROR;
				GCC_WARN_UNDECLARED_SELECTOR = YES;
				GCC_WARN_UNINITIALIZED_AUTOS = YES_AGGRESSIVE;
				GCC_WARN_UNUSED_FUNCTION = YES;
				GCC_WARN_UNUSED_VARIABLE = YES;
				IPHONEOS_DEPLOYMENT_TARGET = 13.4;
				MTL_ENABLE_DEBUG_INFO = NO;
				MTL_FAST_MATH = YES;
				SDKROOT = iphoneos;
				SWIFT_COMPILATION_MODE = wholemodule;
				SWIFT_OPTIMIZATION_LEVEL = "-O";
				VALIDATE_PRODUCT = YES;
			};
			name = "Release (Staging)";
		};
		6BB54AD6245260E800BD4418 /* Release (Staging) */ = {
			isa = XCBuildConfiguration;
			baseConfigurationReference = C8CC1F2B4CB98E38FCF61B0C /* Pods-windmill.release (staging).xcconfig */;
			buildSettings = {
				ASSETCATALOG_COMPILER_APPICON_NAME = AppIcon;
				CODE_SIGN_STYLE = Automatic;
				DEVELOPMENT_TEAM = 2EC9AK89JE;
				INFOPLIST_FILE = windmill/Info.plist;
				IPHONEOS_DEPLOYMENT_TARGET = 13.0;
				LD_RUNPATH_SEARCH_PATHS = (
					"$(inherited)",
					"@executable_path/Frameworks",
				);
				PRODUCT_BUNDLE_IDENTIFIER = io.liamreardon.windmill.dev;
				PRODUCT_NAME = "$(TARGET_NAME)";
				SWIFT_VERSION = 5.0;
				TARGETED_DEVICE_FAMILY = "1,2";
			};
			name = "Release (Staging)";
		};
		6BB54AD7245260EB00BD4418 /* Release (Production) */ = {
			isa = XCBuildConfiguration;
			baseConfigurationReference = 6BB54ADA2452633A00BD4418 /* Production.xcconfig */;
			buildSettings = {
				ALWAYS_SEARCH_USER_PATHS = NO;
				CLANG_ANALYZER_NONNULL = YES;
				CLANG_ANALYZER_NUMBER_OBJECT_CONVERSION = YES_AGGRESSIVE;
				CLANG_CXX_LANGUAGE_STANDARD = "gnu++14";
				CLANG_CXX_LIBRARY = "libc++";
				CLANG_ENABLE_MODULES = YES;
				CLANG_ENABLE_OBJC_ARC = YES;
				CLANG_ENABLE_OBJC_WEAK = YES;
				CLANG_WARN_BLOCK_CAPTURE_AUTORELEASING = YES;
				CLANG_WARN_BOOL_CONVERSION = YES;
				CLANG_WARN_COMMA = YES;
				CLANG_WARN_CONSTANT_CONVERSION = YES;
				CLANG_WARN_DEPRECATED_OBJC_IMPLEMENTATIONS = YES;
				CLANG_WARN_DIRECT_OBJC_ISA_USAGE = YES_ERROR;
				CLANG_WARN_DOCUMENTATION_COMMENTS = YES;
				CLANG_WARN_EMPTY_BODY = YES;
				CLANG_WARN_ENUM_CONVERSION = YES;
				CLANG_WARN_INFINITE_RECURSION = YES;
				CLANG_WARN_INT_CONVERSION = YES;
				CLANG_WARN_NON_LITERAL_NULL_CONVERSION = YES;
				CLANG_WARN_OBJC_IMPLICIT_RETAIN_SELF = YES;
				CLANG_WARN_OBJC_LITERAL_CONVERSION = YES;
				CLANG_WARN_OBJC_ROOT_CLASS = YES_ERROR;
				CLANG_WARN_RANGE_LOOP_ANALYSIS = YES;
				CLANG_WARN_STRICT_PROTOTYPES = YES;
				CLANG_WARN_SUSPICIOUS_MOVE = YES;
				CLANG_WARN_UNGUARDED_AVAILABILITY = YES_AGGRESSIVE;
				CLANG_WARN_UNREACHABLE_CODE = YES;
				CLANG_WARN__DUPLICATE_METHOD_MATCH = YES;
				COPY_PHASE_STRIP = NO;
				DEBUG_INFORMATION_FORMAT = "dwarf-with-dsym";
				ENABLE_NS_ASSERTIONS = NO;
				ENABLE_STRICT_OBJC_MSGSEND = YES;
				GCC_C_LANGUAGE_STANDARD = gnu11;
				GCC_NO_COMMON_BLOCKS = YES;
				GCC_WARN_64_TO_32_BIT_CONVERSION = YES;
				GCC_WARN_ABOUT_RETURN_TYPE = YES_ERROR;
				GCC_WARN_UNDECLARED_SELECTOR = YES;
				GCC_WARN_UNINITIALIZED_AUTOS = YES_AGGRESSIVE;
				GCC_WARN_UNUSED_FUNCTION = YES;
				GCC_WARN_UNUSED_VARIABLE = YES;
				IPHONEOS_DEPLOYMENT_TARGET = 13.4;
				MTL_ENABLE_DEBUG_INFO = NO;
				MTL_FAST_MATH = YES;
				SDKROOT = iphoneos;
				SWIFT_COMPILATION_MODE = wholemodule;
				SWIFT_OPTIMIZATION_LEVEL = "-O";
				VALIDATE_PRODUCT = YES;
			};
			name = "Release (Production)";
		};
		6BB54AD8245260EB00BD4418 /* Release (Production) */ = {
			isa = XCBuildConfiguration;
			baseConfigurationReference = 8A33283209E1F975D641D025 /* Pods-windmill.release (production).xcconfig */;
			buildSettings = {
				ASSETCATALOG_COMPILER_APPICON_NAME = AppIcon;
				CODE_SIGN_STYLE = Automatic;
				DEVELOPMENT_TEAM = 2EC9AK89JE;
				INFOPLIST_FILE = windmill/Info.plist;
				IPHONEOS_DEPLOYMENT_TARGET = 13.0;
				LD_RUNPATH_SEARCH_PATHS = (
					"$(inherited)",
					"@executable_path/Frameworks",
				);
				PRODUCT_BUNDLE_IDENTIFIER = io.liamreardon.windmill.dev;
				PRODUCT_NAME = "$(TARGET_NAME)";
				SWIFT_VERSION = 5.0;
				TARGETED_DEVICE_FAMILY = "1,2";
			};
			name = "Release (Production)";
		};
/* End XCBuildConfiguration section */

/* Begin XCConfigurationList section */
		6B881A4F2450C59F001466CB /* Build configuration list for PBXProject "windmill" */ = {
			isa = XCConfigurationList;
			buildConfigurations = (
				6B881A662450C5A0001466CB /* Debug (Development) */,
				6BB54AD1245260AF00BD4418 /* Debug (Staging) */,
				6BB54ACF245260A900BD4418 /* Debug (Production) */,
				6B881A672450C5A0001466CB /* Release (Development) */,
				6BB54AD5245260E800BD4418 /* Release (Staging) */,
				6BB54AD7245260EB00BD4418 /* Release (Production) */,
			);
			defaultConfigurationIsVisible = 0;
			defaultConfigurationName = "Release (Development)";
		};
		6B881A682450C5A0001466CB /* Build configuration list for PBXNativeTarget "windmill" */ = {
			isa = XCConfigurationList;
			buildConfigurations = (
				6B881A692450C5A0001466CB /* Debug (Development) */,
				6BB54AD2245260AF00BD4418 /* Debug (Staging) */,
				6BB54AD0245260A900BD4418 /* Debug (Production) */,
				6B881A6A2450C5A0001466CB /* Release (Development) */,
				6BB54AD6245260E800BD4418 /* Release (Staging) */,
				6BB54AD8245260EB00BD4418 /* Release (Production) */,
			);
			defaultConfigurationIsVisible = 0;
			defaultConfigurationName = "Release (Development)";
		};
/* End XCConfigurationList section */
	};
	rootObject = 6B881A4C2450C59F001466CB /* Project object */;
}
